// !$*UTF8*$!
{
	archiveVersion = 1;
	classes = {
	};
	objectVersion = 51;
	objects = {

/* Begin PBXBuildFile section */
		D3ACF0F6260DF6B000F610F4 /* AppDelegate.swift in Sources */ = {isa = PBXBuildFile; fileRef = D3ACF0F5260DF6B000F610F4 /* AppDelegate.swift */; };
		D3ACF0F8260DF6B000F610F4 /* SceneDelegate.swift in Sources */ = {isa = PBXBuildFile; fileRef = D3ACF0F7260DF6B000F610F4 /* SceneDelegate.swift */; };
		D3ACF0FA260DF6B000F610F4 /* ViewController.swift in Sources */ = {isa = PBXBuildFile; fileRef = D3ACF0F9260DF6B000F610F4 /* ViewController.swift */; };
		D3ACF0FD260DF6B000F610F4 /* Main.storyboard in Resources */ = {isa = PBXBuildFile; fileRef = D3ACF0FB260DF6B000F610F4 /* Main.storyboard */; };
		D3ACF0FF260DF6B000F610F4 /* Assets.xcassets in Resources */ = {isa = PBXBuildFile; fileRef = D3ACF0FE260DF6B000F610F4 /* Assets.xcassets */; };
		D3ACF102260DF6B000F610F4 /* LaunchScreen.storyboard in Resources */ = {isa = PBXBuildFile; fileRef = D3ACF100260DF6B000F610F4 /* LaunchScreen.storyboard */; };
		D3ACF10B260DF7A800F610F4 /* GoogleService-Info.plist in Resources */ = {isa = PBXBuildFile; fileRef = D3ACF10A260DF7A800F610F4 /* GoogleService-Info.plist */; };
		D3ACF122260DFEAA00F610F4 /* Reminder.swift in Sources */ = {isa = PBXBuildFile; fileRef = D3ACF121260DFEAA00F610F4 /* Reminder.swift */; };
		D3ACF125260E015D00F610F4 /* FirebaseService.swift in Sources */ = {isa = PBXBuildFile; fileRef = D3ACF124260E015D00F610F4 /* FirebaseService.swift */; };
		D3ACF128260E019C00F610F4 /* Updateable.swift in Sources */ = {isa = PBXBuildFile; fileRef = D3ACF127260E019C00F610F4 /* Updateable.swift */; };
		D3ACF12B260E0AD100F610F4 /* ViewControllerAdd.swift in Sources */ = {isa = PBXBuildFile; fileRef = D3ACF12A260E0AD100F610F4 /* ViewControllerAdd.swift */; };
		EF453F604150D3AAECEE1822 /* Pods_MyRemindersApp.framework in Frameworks */ = {isa = PBXBuildFile; fileRef = B11F97304F05E33141BE011E /* Pods_MyRemindersApp.framework */; };
/* End PBXBuildFile section */

/* Begin PBXFileReference section */
		AAA2C1E09DDBA03375DDD503 /* Pods-MyRemindersApp.release.xcconfig */ = {isa = PBXFileReference; includeInIndex = 1; lastKnownFileType = text.xcconfig; name = "Pods-MyRemindersApp.release.xcconfig"; path = "Target Support Files/Pods-MyRemindersApp/Pods-MyRemindersApp.release.xcconfig"; sourceTree = "<group>"; };
		B11F97304F05E33141BE011E /* Pods_MyRemindersApp.framework */ = {isa = PBXFileReference; explicitFileType = wrapper.framework; includeInIndex = 0; path = Pods_MyRemindersApp.framework; sourceTree = BUILT_PRODUCTS_DIR; };
		D3ACF0F2260DF6B000F610F4 /* MyRemindersApp.app */ = {isa = PBXFileReference; explicitFileType = wrapper.application; includeInIndex = 0; path = MyRemindersApp.app; sourceTree = BUILT_PRODUCTS_DIR; };
		D3ACF0F5260DF6B000F610F4 /* AppDelegate.swift */ = {isa = PBXFileReference; lastKnownFileType = sourcecode.swift; path = AppDelegate.swift; sourceTree = "<group>"; };
		D3ACF0F7260DF6B000F610F4 /* SceneDelegate.swift */ = {isa = PBXFileReference; lastKnownFileType = sourcecode.swift; path = SceneDelegate.swift; sourceTree = "<group>"; };
		D3ACF0F9260DF6B000F610F4 /* ViewController.swift */ = {isa = PBXFileReference; lastKnownFileType = sourcecode.swift; path = ViewController.swift; sourceTree = "<group>"; };
		D3ACF0FC260DF6B000F610F4 /* Base */ = {isa = PBXFileReference; lastKnownFileType = file.storyboard; name = Base; path = Base.lproj/Main.storyboard; sourceTree = "<group>"; };
		D3ACF0FE260DF6B000F610F4 /* Assets.xcassets */ = {isa = PBXFileReference; lastKnownFileType = folder.assetcatalog; path = Assets.xcassets; sourceTree = "<group>"; };
		D3ACF101260DF6B000F610F4 /* Base */ = {isa = PBXFileReference; lastKnownFileType = file.storyboard; name = Base; path = Base.lproj/LaunchScreen.storyboard; sourceTree = "<group>"; };
		D3ACF103260DF6B000F610F4 /* Info.plist */ = {isa = PBXFileReference; lastKnownFileType = text.plist.xml; path = Info.plist; sourceTree = "<group>"; };
		D3ACF10A260DF7A800F610F4 /* GoogleService-Info.plist */ = {isa = PBXFileReference; fileEncoding = 4; lastKnownFileType = text.plist.xml; name = "GoogleService-Info.plist"; path = "../../../../Downloads/GoogleService-Info.plist"; sourceTree = "<group>"; };
		D3ACF121260DFEAA00F610F4 /* Reminder.swift */ = {isa = PBXFileReference; lastKnownFileType = sourcecode.swift; path = Reminder.swift; sourceTree = "<group>"; };
		D3ACF124260E015D00F610F4 /* FirebaseService.swift */ = {isa = PBXFileReference; lastKnownFileType = sourcecode.swift; path = FirebaseService.swift; sourceTree = "<group>"; };
		D3ACF127260E019C00F610F4 /* Updateable.swift */ = {isa = PBXFileReference; lastKnownFileType = sourcecode.swift; path = Updateable.swift; sourceTree = "<group>"; };
		D3ACF12A260E0AD100F610F4 /* ViewControllerAdd.swift */ = {isa = PBXFileReference; lastKnownFileType = sourcecode.swift; path = ViewControllerAdd.swift; sourceTree = "<group>"; };
		DF8D1999A51AFE5393315B36 /* Pods-MyRemindersApp.debug.xcconfig */ = {isa = PBXFileReference; includeInIndex = 1; lastKnownFileType = text.xcconfig; name = "Pods-MyRemindersApp.debug.xcconfig"; path = "Target Support Files/Pods-MyRemindersApp/Pods-MyRemindersApp.debug.xcconfig"; sourceTree = "<group>"; };
/* End PBXFileReference section */

/* Begin PBXFrameworksBuildPhase section */
		D3ACF0EF260DF6B000F610F4 /* Frameworks */ = {
			isa = PBXFrameworksBuildPhase;
			buildActionMask = 2147483647;
			files = (
				EF453F604150D3AAECEE1822 /* Pods_MyRemindersApp.framework in Frameworks */,
			);
			runOnlyForDeploymentPostprocessing = 0;
		};
/* End PBXFrameworksBuildPhase section */

/* Begin PBXGroup section */
		5A1BC8EB5EE2F6C42436342F /* Pods */ = {
			isa = PBXGroup;
			children = (
				DF8D1999A51AFE5393315B36 /* Pods-MyRemindersApp.debug.xcconfig */,
				AAA2C1E09DDBA03375DDD503 /* Pods-MyRemindersApp.release.xcconfig */,
			);
			path = Pods;
			sourceTree = "<group>";
		};
		9BE795A0C7B0F85EE68CD7F9 /* Frameworks */ = {
			isa = PBXGroup;
			children = (
				B11F97304F05E33141BE011E /* Pods_MyRemindersApp.framework */,
			);
			name = Frameworks;
			sourceTree = "<group>";
		};
		D3ACF0E9260DF6B000F610F4 = {
			isa = PBXGroup;
			children = (
				D3ACF0F4260DF6B000F610F4 /* MyRemindersApp */,
				D3ACF0F3260DF6B000F610F4 /* Products */,
				5A1BC8EB5EE2F6C42436342F /* Pods */,
				9BE795A0C7B0F85EE68CD7F9 /* Frameworks */,
			);
			sourceTree = "<group>";
		};
		D3ACF0F3260DF6B000F610F4 /* Products */ = {
			isa = PBXGroup;
			children = (
				D3ACF0F2260DF6B000F610F4 /* MyRemindersApp.app */,
			);
			name = Products;
			sourceTree = "<group>";
		};
		D3ACF0F4260DF6B000F610F4 /* MyRemindersApp */ = {
			isa = PBXGroup;
			children = (
				D3ACF120260DFE9B00F610F4 /* model */,
				D3ACF0F5260DF6B000F610F4 /* AppDelegate.swift */,
				D3ACF0F7260DF6B000F610F4 /* SceneDelegate.swift */,
				D3ACF0F9260DF6B000F610F4 /* ViewController.swift */,
				D3ACF12A260E0AD100F610F4 /* ViewControllerAdd.swift */,
				D3ACF124260E015D00F610F4 /* FirebaseService.swift */,
				D3ACF127260E019C00F610F4 /* Updateable.swift */,
				D3ACF0FB260DF6B000F610F4 /* Main.storyboard */,
				D3ACF0FE260DF6B000F610F4 /* Assets.xcassets */,
				D3ACF100260DF6B000F610F4 /* LaunchScreen.storyboard */,
				D3ACF103260DF6B000F610F4 /* Info.plist */,
				D3ACF10A260DF7A800F610F4 /* GoogleService-Info.plist */,
			);
			path = MyRemindersApp;
			sourceTree = "<group>";
		};
		D3ACF120260DFE9B00F610F4 /* model */ = {
			isa = PBXGroup;
			children = (
				D3ACF121260DFEAA00F610F4 /* Reminder.swift */,
			);
			path = model;
			sourceTree = "<group>";
		};
/* End PBXGroup section */

/* Begin PBXNativeTarget section */
		D3ACF0F1260DF6B000F610F4 /* MyRemindersApp */ = {
			isa = PBXNativeTarget;
			buildConfigurationList = D3ACF106260DF6B000F610F4 /* Build configuration list for PBXNativeTarget "MyRemindersApp" */;
			buildPhases = (
				59D6081B2A43A74197CDAF1F /* [CP] Check Pods Manifest.lock */,
				D3ACF0EE260DF6B000F610F4 /* Sources */,
				D3ACF0EF260DF6B000F610F4 /* Frameworks */,
				D3ACF0F0260DF6B000F610F4 /* Resources */,
				D511933949B5C5F60F8DDE26 /* [CP] Embed Pods Frameworks */,
			);
			buildRules = (
			);
			dependencies = (
			);
			name = MyRemindersApp;
			productName = MyRemindersApp;
			productReference = D3ACF0F2260DF6B000F610F4 /* MyRemindersApp.app */;
			productType = "com.apple.product-type.application";
		};
/* End PBXNativeTarget section */

/* Begin PBXProject section */
		D3ACF0EA260DF6B000F610F4 /* Project object */ = {
			isa = PBXProject;
			attributes = {
				LastSwiftUpdateCheck = 1240;
				LastUpgradeCheck = 1240;
				TargetAttributes = {
					D3ACF0F1260DF6B000F610F4 = {
						CreatedOnToolsVersion = 12.4;
					};
				};
			};
			buildConfigurationList = D3ACF0ED260DF6B000F610F4 /* Build configuration list for PBXProject "MyRemindersApp" */;
			compatibilityVersion = "Xcode 9.3";
			developmentRegion = en;
			hasScannedForEncodings = 0;
			knownRegions = (
				en,
				Base,
			);
			mainGroup = D3ACF0E9260DF6B000F610F4;
			productRefGroup = D3ACF0F3260DF6B000F610F4 /* Products */;
			projectDirPath = "";
			projectRoot = "";
			targets = (
				D3ACF0F1260DF6B000F610F4 /* MyRemindersApp */,
			);
		};
/* End PBXProject section */

/* Begin PBXResourcesBuildPhase section */
		D3ACF0F0260DF6B000F610F4 /* Resources */ = {
			isa = PBXResourcesBuildPhase;
			buildActionMask = 2147483647;
			files = (
				D3ACF102260DF6B000F610F4 /* LaunchScreen.storyboard in Resources */,
				D3ACF10B260DF7A800F610F4 /* GoogleService-Info.plist in Resources */,
				D3ACF0FF260DF6B000F610F4 /* Assets.xcassets in Resources */,
				D3ACF0FD260DF6B000F610F4 /* Main.storyboard in Resources */,
			);
			runOnlyForDeploymentPostprocessing = 0;
		};
/* End PBXResourcesBuildPhase section */

/* Begin PBXShellScriptBuildPhase section */
		59D6081B2A43A74197CDAF1F /* [CP] Check Pods Manifest.lock */ = {
			isa = PBXShellScriptBuildPhase;
			buildActionMask = 2147483647;
			files = (
			);
			inputFileListPaths = (
			);
			inputPaths = (
				"${PODS_PODFILE_DIR_PATH}/Podfile.lock",
				"${PODS_ROOT}/Manifest.lock",
			);
			name = "[CP] Check Pods Manifest.lock";
			outputFileListPaths = (
			);
			outputPaths = (
				"$(DERIVED_FILE_DIR)/Pods-MyRemindersApp-checkManifestLockResult.txt",
			);
			runOnlyForDeploymentPostprocessing = 0;
			shellPath = /bin/sh;
			shellScript = "diff \"${PODS_PODFILE_DIR_PATH}/Podfile.lock\" \"${PODS_ROOT}/Manifest.lock\" > /dev/null\nif [ $? != 0 ] ; then\n    # print error to STDERR\n    echo \"error: The sandbox is not in sync with the Podfile.lock. Run 'pod install' or update your CocoaPods installation.\" >&2\n    exit 1\nfi\n# This output is used by Xcode 'outputs' to avoid re-running this script phase.\necho \"SUCCESS\" > \"${SCRIPT_OUTPUT_FILE_0}\"\n";
			showEnvVarsInLog = 0;
		};
		D511933949B5C5F60F8DDE26 /* [CP] Embed Pods Frameworks */ = {
			isa = PBXShellScriptBuildPhase;
			buildActionMask = 2147483647;
			files = (
			);
			inputFileListPaths = (
				"${PODS_ROOT}/Target Support Files/Pods-MyRemindersApp/Pods-MyRemindersApp-frameworks-${CONFIGURATION}-input-files.xcfilelist",
			);
			name = "[CP] Embed Pods Frameworks";
			outputFileListPaths = (
				"${PODS_ROOT}/Target Support Files/Pods-MyRemindersApp/Pods-MyRemindersApp-frameworks-${CONFIGURATION}-output-files.xcfilelist",
			);
			runOnlyForDeploymentPostprocessing = 0;
			shellPath = /bin/sh;
			shellScript = "\"${PODS_ROOT}/Target Support Files/Pods-MyRemindersApp/Pods-MyRemindersApp-frameworks.sh\"\n";
			showEnvVarsInLog = 0;
		};
/* End PBXShellScriptBuildPhase section */

/* Begin PBXSourcesBuildPhase section */
		D3ACF0EE260DF6B000F610F4 /* Sources */ = {
			isa = PBXSourcesBuildPhase;
			buildActionMask = 2147483647;
			files = (
				D3ACF0FA260DF6B000F610F4 /* ViewController.swift in Sources */,
				D3ACF125260E015D00F610F4 /* FirebaseService.swift in Sources */,
				D3ACF0F6260DF6B000F610F4 /* AppDelegate.swift in Sources */,
				D3ACF12B260E0AD100F610F4 /* ViewControllerAdd.swift in Sources */,
				D3ACF0F8260DF6B000F610F4 /* SceneDelegate.swift in Sources */,
				D3ACF128260E019C00F610F4 /* Updateable.swift in Sources */,
				D3ACF122260DFEAA00F610F4 /* Reminder.swift in Sources */,
			);
			runOnlyForDeploymentPostprocessing = 0;
		};
/* End PBXSourcesBuildPhase section */

/* Begin PBXVariantGroup section */
		D3ACF0FB260DF6B000F610F4 /* Main.storyboard */ = {
			isa = PBXVariantGroup;
			children = (
				D3ACF0FC260DF6B000F610F4 /* Base */,
			);
			name = Main.storyboard;
			sourceTree = "<group>";
		};
		D3ACF100260DF6B000F610F4 /* LaunchScreen.storyboard */ = {
			isa = PBXVariantGroup;
			children = (
				D3ACF101260DF6B000F610F4 /* Base */,
			);
			name = LaunchScreen.storyboard;
			sourceTree = "<group>";
		};
/* End PBXVariantGroup section */

/* Begin XCBuildConfiguration section */
		D3ACF104260DF6B000F610F4 /* Debug */ = {
			isa = XCBuildConfiguration;
			buildSettings = {
				ALWAYS_SEARCH_USER_PATHS = NO;
				CLANG_ANALYZER_NONNULL = YES;
				CLANG_ANALYZER_NUMBER_OBJECT_CONVERSION = YES_AGGRESSIVE;
				CLANG_CXX_LANGUAGE_STANDARD = "gnu++14";
				CLANG_CXX_LIBRARY = "libc++";
				CLANG_ENABLE_MODULES = YES;
				CLANG_ENABLE_OBJC_ARC = YES;
				CLANG_ENABLE_OBJC_WEAK = YES;
				CLANG_WARN_BLOCK_CAPTURE_AUTORELEASING = YES;
				CLANG_WARN_BOOL_CONVERSION = YES;
				CLANG_WARN_COMMA = YES;
				CLANG_WARN_CONSTANT_CONVERSION = YES;
				CLANG_WARN_DEPRECATED_OBJC_IMPLEMENTATIONS = YES;
				CLANG_WARN_DIRECT_OBJC_ISA_USAGE = YES_ERROR;
				CLANG_WARN_DOCUMENTATION_COMMENTS = YES;
				CLANG_WARN_EMPTY_BODY = YES;
				CLANG_WARN_ENUM_CONVERSION = YES;
				CLANG_WARN_INFINITE_RECURSION = YES;
				CLANG_WARN_INT_CONVERSION = YES;
				CLANG_WARN_NON_LITERAL_NULL_CONVERSION = YES;
				CLANG_WARN_OBJC_IMPLICIT_RETAIN_SELF = YES;
				CLANG_WARN_OBJC_LITERAL_CONVERSION = YES;
				CLANG_WARN_OBJC_ROOT_CLASS = YES_ERROR;
				CLANG_WARN_QUOTED_INCLUDE_IN_FRAMEWORK_HEADER = YES;
				CLANG_WARN_RANGE_LOOP_ANALYSIS = YES;
				CLANG_WARN_STRICT_PROTOTYPES = YES;
				CLANG_WARN_SUSPICIOUS_MOVE = YES;
				CLANG_WARN_UNGUARDED_AVAILABILITY = YES_AGGRESSIVE;
				CLANG_WARN_UNREACHABLE_CODE = YES;
				CLANG_WARN__DUPLICATE_METHOD_MATCH = YES;
				COPY_PHASE_STRIP = NO;
				DEBUG_INFORMATION_FORMAT = dwarf;
				ENABLE_STRICT_OBJC_MSGSEND = YES;
				ENABLE_TESTABILITY = YES;
				GCC_C_LANGUAGE_STANDARD = gnu11;
				GCC_DYNAMIC_NO_PIC = NO;
				GCC_NO_COMMON_BLOCKS = YES;
				GCC_OPTIMIZATION_LEVEL = 0;
				GCC_PREPROCESSOR_DEFINITIONS = (
					"DEBUG=1",
					"$(inherited)",
				);
				GCC_WARN_64_TO_32_BIT_CONVERSION = YES;
				GCC_WARN_ABOUT_RETURN_TYPE = YES_ERROR;
				GCC_WARN_UNDECLARED_SELECTOR = YES;
				GCC_WARN_UNINITIALIZED_AUTOS = YES_AGGRESSIVE;
				GCC_WARN_UNUSED_FUNCTION = YES;
				GCC_WARN_UNUSED_VARIABLE = YES;
				IPHONEOS_DEPLOYMENT_TARGET = 14.4;
				MTL_ENABLE_DEBUG_INFO = INCLUDE_SOURCE;
				MTL_FAST_MATH = YES;
				ONLY_ACTIVE_ARCH = YES;
				SDKROOT = iphoneos;
				SWIFT_ACTIVE_COMPILATION_CONDITIONS = DEBUG;
				SWIFT_OPTIMIZATION_LEVEL = "-Onone";
			};
			name = Debug;
		};
		D3ACF105260DF6B000F610F4 /* Release */ = {
			isa = XCBuildConfiguration;
			buildSettings = {
				ALWAYS_SEARCH_USER_PATHS = NO;
				CLANG_ANALYZER_NONNULL = YES;
				CLANG_ANALYZER_NUMBER_OBJECT_CONVERSION = YES_AGGRESSIVE;
				CLANG_CXX_LANGUAGE_STANDARD = "gnu++14";
				CLANG_CXX_LIBRARY = "libc++";
				CLANG_ENABLE_MODULES = YES;
				CLANG_ENABLE_OBJC_ARC = YES;
				CLANG_ENABLE_OBJC_WEAK = YES;
				CLANG_WARN_BLOCK_CAPTURE_AUTORELEASING = YES;
				CLANG_WARN_BOOL_CONVERSION = YES;
				CLANG_WARN_COMMA = YES;
				CLANG_WARN_CONSTANT_CONVERSION = YES;
				CLANG_WARN_DEPRECATED_OBJC_IMPLEMENTATIONS = YES;
				CLANG_WARN_DIRECT_OBJC_ISA_USAGE = YES_ERROR;
				CLANG_WARN_DOCUMENTATION_COMMENTS = YES;
				CLANG_WARN_EMPTY_BODY = YES;
				CLANG_WARN_ENUM_CONVERSION = YES;
				CLANG_WARN_INFINITE_RECURSION = YES;
				CLANG_WARN_INT_CONVERSION = YES;
				CLANG_WARN_NON_LITERAL_NULL_CONVERSION = YES;
				CLANG_WARN_OBJC_IMPLICIT_RETAIN_SELF = YES;
				CLANG_WARN_OBJC_LITERAL_CONVERSION = YES;
				CLANG_WARN_OBJC_ROOT_CLASS = YES_ERROR;
				CLANG_WARN_QUOTED_INCLUDE_IN_FRAMEWORK_HEADER = YES;
				CLANG_WARN_RANGE_LOOP_ANALYSIS = YES;
				CLANG_WARN_STRICT_PROTOTYPES = YES;
				CLANG_WARN_SUSPICIOUS_MOVE = YES;
				CLANG_WARN_UNGUARDED_AVAILABILITY = YES_AGGRESSIVE;
				CLANG_WARN_UNREACHABLE_CODE = YES;
				CLANG_WARN__DUPLICATE_METHOD_MATCH = YES;
				COPY_PHASE_STRIP = NO;
				DEBUG_INFORMATION_FORMAT = "dwarf-with-dsym";
				ENABLE_NS_ASSERTIONS = NO;
				ENABLE_STRICT_OBJC_MSGSEND = YES;
				GCC_C_LANGUAGE_STANDARD = gnu11;
				GCC_NO_COMMON_BLOCKS = YES;
				GCC_WARN_64_TO_32_BIT_CONVERSION = YES;
				GCC_WARN_ABOUT_RETURN_TYPE = YES_ERROR;
				GCC_WARN_UNDECLARED_SELECTOR = YES;
				GCC_WARN_UNINITIALIZED_AUTOS = YES_AGGRESSIVE;
				GCC_WARN_UNUSED_FUNCTION = YES;
				GCC_WARN_UNUSED_VARIABLE = YES;
				IPHONEOS_DEPLOYMENT_TARGET = 14.4;
				MTL_ENABLE_DEBUG_INFO = NO;
				MTL_FAST_MATH = YES;
				SDKROOT = iphoneos;
				SWIFT_COMPILATION_MODE = wholemodule;
				SWIFT_OPTIMIZATION_LEVEL = "-O";
				VALIDATE_PRODUCT = YES;
			};
			name = Release;
		};
		D3ACF107260DF6B000F610F4 /* Debug */ = {
			isa = XCBuildConfiguration;
			baseConfigurationReference = DF8D1999A51AFE5393315B36 /* Pods-MyRemindersApp.debug.xcconfig */;
			buildSettings = {
				ASSETCATALOG_COMPILER_APPICON_NAME = AppIcon;
				ASSETCATALOG_COMPILER_GLOBAL_ACCENT_COLOR_NAME = AccentColor;
				CODE_SIGN_STYLE = Automatic;
				DEVELOPMENT_TEAM = K3V8WW25UV;
				INFOPLIST_FILE = MyRemindersApp/Info.plist;
				LD_RUNPATH_SEARCH_PATHS = (
					"$(inherited)",
					"@executable_path/Frameworks",
				);
				PRODUCT_BUNDLE_IDENTIFIER = dk.hr.MyRemindersApp;
				PRODUCT_NAME = "$(TARGET_NAME)";
				SWIFT_VERSION = 5.0;
				TARGETED_DEVICE_FAMILY = "1,2";
			};
			name = Debug;
		};
		D3ACF108260DF6B000F610F4 /* Release */ = {
			isa = XCBuildConfiguration;
			baseConfigurationReference = AAA2C1E09DDBA03375DDD503 /* Pods-MyRemindersApp.release.xcconfig */;
			buildSettings = {
				ASSETCATALOG_COMPILER_APPICON_NAME = AppIcon;
				ASSETCATALOG_COMPILER_GLOBAL_ACCENT_COLOR_NAME = AccentColor;
				CODE_SIGN_STYLE = Automatic;
				DEVELOPMENT_TEAM = K3V8WW25UV;
				INFOPLIST_FILE = MyRemindersApp/Info.plist;
				LD_RUNPATH_SEARCH_PATHS = (
					"$(inherited)",
					"@executable_path/Frameworks",
				);
				PRODUCT_BUNDLE_IDENTIFIER = dk.hr.MyRemindersApp;
				PRODUCT_NAME = "$(TARGET_NAME)";
				SWIFT_VERSION = 5.0;
				TARGETED_DEVICE_FAMILY = "1,2";
			};
			name = Release;
		};
/* End XCBuildConfiguration section */

/* Begin XCConfigurationList section */
		D3ACF0ED260DF6B000F610F4 /* Build configuration list for PBXProject "MyRemindersApp" */ = {
			isa = XCConfigurationList;
			buildConfigurations = (
				D3ACF104260DF6B000F610F4 /* Debug */,
				D3ACF105260DF6B000F610F4 /* Release */,
			);
			defaultConfigurationIsVisible = 0;
			defaultConfigurationName = Release;
		};
		D3ACF106260DF6B000F610F4 /* Build configuration list for PBXNativeTarget "MyRemindersApp" */ = {
			isa = XCConfigurationList;
			buildConfigurations = (
				D3ACF107260DF6B000F610F4 /* Debug */,
				D3ACF108260DF6B000F610F4 /* Release */,
			);
			defaultConfigurationIsVisible = 0;
			defaultConfigurationName = Release;
		};
/* End XCConfigurationList section */
	};
	rootObject = D3ACF0EA260DF6B000F610F4 /* Project object */;
}
